# THIS IS AN AUTOGENERATED FILE. DO NOT EDIT THIS FILE DIRECTLY.
# yarn lockfile v1


"@rollup/pluginutils@^4.2.1":
  "integrity" "sha512-iKnFXr7NkdZAIHiIWE+BX5ULi/ucVFYWD6TbAV+rZctiRTY2PL6tsIKhoIOaoskiWAkgu+VsbXgUVDNLHf+InQ=="
  "resolved" "https://registry.npmjs.org/@rollup/pluginutils/-/pluginutils-4.2.1.tgz"
  "version" "4.2.1"
  dependencies:
    "estree-walker" "^2.0.1"
    "picomatch" "^2.2.2"

"@sveltejs/vite-plugin-svelte@1.0.1":
  "integrity" "sha512-PorCgUounn0VXcpeJu+hOweZODKmGuLHsLomwqSj+p26IwjjGffmYQfVHtiTWq+NqaUuuHWWG7vPge6UFw4Aeg=="
  "resolved" "https://registry.npmjs.org/@sveltejs/vite-plugin-svelte/-/vite-plugin-svelte-1.0.1.tgz"
  "version" "1.0.1"
  dependencies:
    "@rollup/pluginutils" "^4.2.1"
    "debug" "^4.3.4"
    "deepmerge" "^4.2.2"
    "kleur" "^4.1.5"
    "magic-string" "^0.26.2"
    "svelte-hmr" "^0.14.12"

"@types/node@*":
  "integrity" "sha512-DWNcCHolDq0ZKGizjx2DZjR/PqsYwAcYUJmfMWqtVU2MBMG5Mo+xFZrhGId5r/O5HOuMPyQEcM6KUBp5lBZZBg=="
  "resolved" "https://registry.npmjs.org/@types/node/-/node-18.7.23.tgz"
  "version" "18.7.23"

"@types/pug@^2.0.4":
  "integrity" "sha512-SnHmG9wN1UVmagJOnyo/qkk0Z7gejYxOYYmaAwr5u2yFYfsupN3sg10kyzN8Hep/2zbHxCnsumxOoRIRMBwKCg=="
  "resolved" "https://registry.npmjs.org/@types/pug/-/pug-2.0.6.tgz"
  "version" "2.0.6"

"@types/sass@^1.16.0":
  "integrity" "sha512-BPdoIt1lfJ6B7rw35ncdwBZrAssjcwzI5LByIrYs+tpXlj/CAkuVdRsgZDdP4lq5EjyWzwxZCqAoFyHKFwp32g=="
  "resolved" "https://registry.npmjs.org/@types/sass/-/sass-1.43.1.tgz"
  "version" "1.43.1"
  dependencies:
    "@types/node" "*"

"@ungap/event-target@^0.2.3":
  "integrity" "sha512-7Bz0qdvxNGV9n0f+xcMKU7wsEfK6PNzo8IdAcOiBgMNyCuU0Mk9dv0Hbd/Kgr+MFFfn4xLHFbuOt820egT5qEA=="
  "resolved" "https://registry.npmjs.org/@ungap/event-target/-/event-target-0.2.3.tgz"
  "version" "0.2.3"

"ansi-styles@^3.2.1":
  "integrity" "sha512-VT0ZI6kZRdTh8YyJw3SMbYm/u+NqfsAxEpWO0Pf9sq8/e94WxxOpPKx9FR1FlyCtOVDNOQ+8ntlqFxiRc+r5qA=="
  "resolved" "https://registry.npmjs.org/ansi-styles/-/ansi-styles-3.2.1.tgz"
  "version" "3.2.1"
  dependencies:
    "color-convert" "^1.9.0"

"anymatch@~3.1.2":
  "integrity" "sha512-P43ePfOAIupkguHUycrc4qJ9kz8ZiuOUijaETwX7THt0Y/GNK7v0aa8rY816xWjZ7rJdA5XdMcpVFTKMq+RvWg=="
  "resolved" "https://registry.npmjs.org/anymatch/-/anymatch-3.1.2.tgz"
  "version" "3.1.2"
  dependencies:
    "normalize-path" "^3.0.0"
    "picomatch" "^2.0.4"

"autoprefixer@^10.4.8":
  "integrity" "sha512-WrCGV9/b97Pa+jtwf5UGaRjgQIg7OK3D06GnoYoZNcG1Xb8Gt3EfuKjlhh9i/VtT16g6PYjZ69jdJ2g8FxSC4Q=="
  "resolved" "https://registry.npmjs.org/autoprefixer/-/autoprefixer-10.4.12.tgz"
  "version" "10.4.12"
  dependencies:
    "browserslist" "^4.21.4"
    "caniuse-lite" "^1.0.30001407"
    "fraction.js" "^4.2.0"
    "normalize-range" "^0.1.2"
    "picocolors" "^1.0.0"
    "postcss-value-parser" "^4.2.0"

"balanced-match@^1.0.0":
  "integrity" "sha512-3oSeUO0TMV67hN1AmbXsK4yaqU7tjiHlbxRDZOpH0KW9+CeX4bRAaX0Anxt0tx2MrpRpWwQaPwIlISEJhYU5Pw=="
  "resolved" "https://registry.npmjs.org/balanced-match/-/balanced-match-1.0.2.tgz"
  "version" "1.0.2"

"binary-extensions@^2.0.0":
  "integrity" "sha512-jDctJ/IVQbZoJykoeHbhXpOlNBqGNcwXJKJog42E5HDPUwQTSdjCHdihjj0DlnheQ7blbT6dHOafNAiS8ooQKA=="
  "resolved" "https://registry.npmjs.org/binary-extensions/-/binary-extensions-2.2.0.tgz"
  "version" "2.2.0"

"brace-expansion@^1.1.7":
  "integrity" "sha512-iCuPHDFgrHX7H2vEI/5xpz07zSHB00TpugqhmYtVmMO6518mCuRMoOYFldEBl0g187ufozdaHgWKcYFb61qGiA=="
  "resolved" "https://registry.npmjs.org/brace-expansion/-/brace-expansion-1.1.11.tgz"
  "version" "1.1.11"
  dependencies:
    "balanced-match" "^1.0.0"
    "concat-map" "0.0.1"

"braces@~3.0.2":
  "integrity" "sha512-b8um+L1RzM3WDSzvhm6gIz1yfTbBt6YTlcEKAvsmqCZZFw46z626lVj9j1yEPW33H5H+lBQpZMP1k8l+78Ha0A=="
  "resolved" "https://registry.npmjs.org/braces/-/braces-3.0.2.tgz"
  "version" "3.0.2"
  dependencies:
    "fill-range" "^7.0.1"

"browserslist@^4.21.4", "browserslist@>= 4.21.0":
  "integrity" "sha512-CBHJJdDmgjl3daYjN5Cp5kbTf1mUhZoS+beLklHIvkOWscs83YAhLlF3Wsh/lciQYAcbBJgTOD44VtG31ZM4Hw=="
  "resolved" "https://registry.npmjs.org/browserslist/-/browserslist-4.21.4.tgz"
  "version" "4.21.4"
  dependencies:
    "caniuse-lite" "^1.0.30001400"
    "electron-to-chromium" "^1.4.251"
    "node-releases" "^2.0.6"
    "update-browserslist-db" "^1.0.9"

"buffer-crc32@^0.2.5":
  "integrity" "sha512-VO9Ht/+p3SN7SKWqcrgEzjGbRSJYTx+Q1pTQC0wrWqHx0vpJraQ6GtHx8tvcg1rlK1byhU5gccxgOgj7B0TDkQ=="
  "resolved" "https://registry.npmjs.org/buffer-crc32/-/buffer-crc32-0.2.13.tgz"
  "version" "0.2.13"

"caniuse-lite@^1.0.30001400", "caniuse-lite@^1.0.30001407":
  "integrity" "sha512-t55jfSaWjCdocnFdKQoO+d2ct9C59UZg4dY3OnUlSZ447r8pUtIKdp0hpAzrGFultmTC+Us+KpKi4GZl/LXlFg=="
  "resolved" "https://registry.npmjs.org/caniuse-lite/-/caniuse-lite-1.0.30001414.tgz"
  "version" "1.0.30001414"

"chalk@^2.4.1":
  "integrity" "sha512-Mti+f9lpJNcwF4tWV8/OrTTtF1gZi+f8FqlyAdouralcFWFQWF2+NgCHShjkCb+IFBLq9buZwE1xckQU4peSuQ=="
  "resolved" "https://registry.npmjs.org/chalk/-/chalk-2.4.2.tgz"
  "version" "2.4.2"
  dependencies:
    "ansi-styles" "^3.2.1"
    "escape-string-regexp" "^1.0.5"
    "supports-color" "^5.3.0"

"chokidar@>=3.0.0 <4.0.0":
  "integrity" "sha512-Dr3sfKRP6oTcjf2JmUmFJfeVMvXBdegxB0iVQ5eb2V10uFJUCAS8OByZdVAyVb8xXNz3GjjTgj9kLWsZTqE6kw=="
  "resolved" "https://registry.npmjs.org/chokidar/-/chokidar-3.5.3.tgz"
  "version" "3.5.3"
  dependencies:
    "anymatch" "~3.1.2"
    "braces" "~3.0.2"
    "glob-parent" "~5.1.2"
    "is-binary-path" "~2.1.0"
    "is-glob" "~4.0.1"
    "normalize-path" "~3.0.0"
    "readdirp" "~3.6.0"
  optionalDependencies:
    "fsevents" "~2.3.2"

"color-convert@^1.9.0":
  "integrity" "sha512-QfAUtd+vFdAtFQcC8CCyYt1fYWxSqAiK2cSD6zDB8N3cpsEBAvRxp9zOGg6G/SHHJYAT88/az/IuDGALsNVbGg=="
  "resolved" "https://registry.npmjs.org/color-convert/-/color-convert-1.9.3.tgz"
  "version" "1.9.3"
  dependencies:
    "color-name" "1.1.3"

"color-name@1.1.3":
  "integrity" "sha512-72fSenhMw2HZMTVHeCA9KCmpEIbzWiQsjN+BHcBbS9vr1mtt+vJjPdksIBNUmKAW8TFUDPJK5SUU3QhE9NEXDw=="
  "resolved" "https://registry.npmjs.org/color-name/-/color-name-1.1.3.tgz"
  "version" "1.1.3"

"concat-map@0.0.1":
  "integrity" "sha512-/Srv4dswyQNBfohGpz9o6Yb3Gz3SrUDqBH5rTuhGR7ahtlbYKnVxw2bCFMRljaA7EXHaXZ8wsHdodFvbkhKmqg=="
  "resolved" "https://registry.npmjs.org/concat-map/-/concat-map-0.0.1.tgz"
  "version" "0.0.1"

"core-js@^3.24.0":
  "integrity" "sha512-y1hvKXmPHvm5B7w4ln1S4uc9eV/O5+iFExSRUimnvIph11uaizFR8LFMdONN8hG3P2pipUfX4Y/fR8rAEtcHcQ=="
  "resolved" "https://registry.npmjs.org/core-js/-/core-js-3.25.3.tgz"
  "version" "3.25.3"

"cors-anywhere@^0.4.4":
  "integrity" "sha512-8OBFwnzMgR4mNrAeAyOLB2EruS2z7u02of2bOu7i9kKYlZG+niS7CTHLPgEXKWW2NAOJWRry9RRCaL9lJRjNqg=="
  "resolved" "https://registry.npmjs.org/cors-anywhere/-/cors-anywhere-0.4.4.tgz"
  "version" "0.4.4"
  dependencies:
    "http-proxy" "1.11.1"
    "proxy-from-env" "0.0.1"

"debug@^4.3.4":
  "integrity" "sha512-PRWFHuSU3eDtQJPvnNY7Jcket1j0t5OuOsFzPPzsekD52Zl8qUfFIPEiswXqIvHWGVHOgX+7G/vCNNhehwxfkQ=="
  "resolved" "https://registry.npmjs.org/debug/-/debug-4.3.4.tgz"
  "version" "4.3.4"
  dependencies:
    "ms" "2.1.2"

"dedent-js@^1.0.1":
  "integrity" "sha512-OUepMozQULMLUmhxS95Vudo0jb0UchLimi3+pQ2plj61Fcy8axbP9hbiD4Sz6DPqn6XG3kfmziVfQ1rSys5AJQ=="
  "resolved" "https://registry.npmjs.org/dedent-js/-/dedent-js-1.0.1.tgz"
  "version" "1.0.1"

"deepmerge@^4.2.2":
  "integrity" "sha512-FJ3UgI4gIl+PHZm53knsuSFpE+nESMr7M4v9QcgB7S63Kj/6WqMiFQJpBBYz1Pt+66bZpP3Q7Lye0Oo9MPKEdg=="
  "resolved" "https://registry.npmjs.org/deepmerge/-/deepmerge-4.2.2.tgz"
  "version" "4.2.2"

"detect-indent@^6.0.0":
  "integrity" "sha512-reYkTUJAZb9gUuZ2RvVCNhVHdg62RHnJ7WJl8ftMi4diZ6NWlciOzQN88pUhSELEwflJht4oQDv0F0BMlwaYtA=="
  "resolved" "https://registry.npmjs.org/detect-indent/-/detect-indent-6.1.0.tgz"
  "version" "6.1.0"

"discord-api-types@^0.37.18":
  "integrity" "sha512-mJ+9C8gmG5csssVZPH06Y8IGiJykljFyZc6n6F+T3vKo6yNBI5TtLIbwt6t9hJzsR5f1ITzRZ6cuPrTvRCUxqA=="
  "resolved" "https://registry.npmjs.org/discord-api-types/-/discord-api-types-0.37.18.tgz"
  "version" "0.37.18"

"electron-to-chromium@^1.4.251":
  "integrity" "sha512-KNhIzgLiJmDDC444dj9vEOpZEgsV96ult9Iff98Vanumn+ShJHd5se8aX6KeVxdc0YQeqdrezBZv89rleDbvSg=="
  "resolved" "https://registry.npmjs.org/electron-to-chromium/-/electron-to-chromium-1.4.270.tgz"
  "version" "1.4.270"

"emojibase-data@^7.0.1":
  "integrity" "sha512-BLZpOdwyFpZ7lzBWyDtnxmKVm/SJMYgAfp1if3o6n1TVUMSXAf0nikONXl90LZuJ/m3XWPBkkubgCet2BsCGGQ=="
  "resolved" "https://registry.npmjs.org/emojibase-data/-/emojibase-data-7.0.1.tgz"
  "version" "7.0.1"

"emojibase@*":
  "integrity" "sha512-1GkKJPXP6tVkYJHOBSJHoGOr/6uaDxZ9xJ6H7m6PfdGXTmQgbALHLWaVRY4Gi/qf5x/gT/NUXLPuSHYLqtLtrQ=="
  "resolved" "https://registry.npmjs.org/emojibase/-/emojibase-6.1.0.tgz"
  "version" "6.1.0"

"es6-promise@^3.1.2":
  "integrity" "sha512-SOp9Phqvqn7jtEUxPWdWfWoLmyt2VaJ6MpvP9Comy1MceMXqE6bxvaTu4iaxpYYPzhny28Lc+M87/c2cPK6lDg=="
  "resolved" "https://registry.npmjs.org/es6-promise/-/es6-promise-3.3.1.tgz"
  "version" "3.3.1"

"esbuild-linux-64@0.15.10":
  "integrity" "sha512-jd8XfaSJeucMpD63YNMO1JCrdJhckHWcMv6O233bL4l6ogQKQOxBYSRP/XLWP+6kVTu0obXovuckJDcA0DKtQA=="
  "resolved" "https://registry.npmjs.org/esbuild-linux-64/-/esbuild-linux-64-0.15.10.tgz"
  "version" "0.15.10"

"esbuild-svelte@^0.7.1":
  "integrity" "sha512-83vRAJ2OmoKxmK+rLFZVmyv5bJ8ahsYQwJ2RGmNAlHBIHq4ENUwA/hiwA2+AohrWD1BgZnGPMj8DL3l0I0xkug=="
  "resolved" "https://registry.npmjs.org/esbuild-svelte/-/esbuild-svelte-0.7.1.tgz"
  "version" "0.7.1"

"esbuild@^0.15.10", "esbuild@^0.15.6", "esbuild@>=0.9.6":
  "integrity" "sha512-N7wBhfJ/E5fzn/SpNgX+oW2RLRjwaL8Y0ezqNqhjD6w0H2p0rDuEz2FKZqpqLnO8DCaWumKe8dsC/ljvVSSxng=="
  "resolved" "https://registry.npmjs.org/esbuild/-/esbuild-0.15.10.tgz"
  "version" "0.15.10"
  optionalDependencies:
    "@esbuild/android-arm" "0.15.10"
    "@esbuild/linux-loong64" "0.15.10"
    "esbuild-android-64" "0.15.10"
    "esbuild-android-arm64" "0.15.10"
    "esbuild-darwin-64" "0.15.10"
    "esbuild-darwin-arm64" "0.15.10"
    "esbuild-freebsd-64" "0.15.10"
    "esbuild-freebsd-arm64" "0.15.10"
    "esbuild-linux-32" "0.15.10"
    "esbuild-linux-64" "0.15.10"
    "esbuild-linux-arm" "0.15.10"
    "esbuild-linux-arm64" "0.15.10"
    "esbuild-linux-mips64le" "0.15.10"
    "esbuild-linux-ppc64le" "0.15.10"
    "esbuild-linux-riscv64" "0.15.10"
    "esbuild-linux-s390x" "0.15.10"
    "esbuild-netbsd-64" "0.15.10"
    "esbuild-openbsd-64" "0.15.10"
    "esbuild-sunos-64" "0.15.10"
    "esbuild-windows-32" "0.15.10"
    "esbuild-windows-64" "0.15.10"
    "esbuild-windows-arm64" "0.15.10"

"escalade@^3.1.1":
  "integrity" "sha512-k0er2gUkLf8O0zKJiAhmkTnJlTvINGv7ygDNPbeIsX/TJjGJZHuh9B2UxbsaEkmlEo9MfhrSzmhIlhRlI2GXnw=="
  "resolved" "https://registry.npmjs.org/escalade/-/escalade-3.1.1.tgz"
  "version" "3.1.1"

"escape-string-regexp@^1.0.5":
  "integrity" "sha512-vbRorB5FUQWvla16U8R/qgaFIya2qGzwDrNmCZuYKrbdSUMG6I1ZCGQRefkRVhuOkIGVne7BQ35DSfo1qvJqFg=="
  "resolved" "https://registry.npmjs.org/escape-string-regexp/-/escape-string-regexp-1.0.5.tgz"
  "version" "1.0.5"

"estree-walker@^2.0.1":
  "integrity" "sha512-Rfkk/Mp/DL7JVje3u18FxFujQlTNR2q6QfMSMB7AvCBx91NGj/ba3kCfza0f6dVDbw7YlRf/nDrn7pQrCCyQ/w=="
  "resolved" "https://registry.npmjs.org/estree-walker/-/estree-walker-2.0.2.tgz"
  "version" "2.0.2"

"eventemitter3@1.x.x":
  "integrity" "sha512-DOFqA1MF46fmZl2xtzXR3MPCRsXqgoFqdXcrCVYM3JNnfUeHTm/fh/v/iU7gBFpwkuBmoJPAm5GuhdDfSEJMJA=="
  "resolved" "https://registry.npmjs.org/eventemitter3/-/eventemitter3-1.2.0.tgz"
  "version" "1.2.0"

"fill-range@^7.0.1":
  "integrity" "sha512-qOo9F+dMUmC2Lcb4BbVvnKJxTPjCm+RRpe4gDuGrzkL7mEVl/djYSu2OdQ2Pa302N4oqkSg9ir6jaLWJ2USVpQ=="
  "resolved" "https://registry.npmjs.org/fill-range/-/fill-range-7.0.1.tgz"
  "version" "7.0.1"
  dependencies:
    "to-regex-range" "^5.0.1"

"fraction.js@^4.2.0":
  "integrity" "sha512-MhLuK+2gUcnZe8ZHlaaINnQLl0xRIGRfcGk2yl8xoQAfHrSsL3rYu6FCmBdkdbhc9EPlwyGHewaRsvwRMJtAlA=="
  "resolved" "https://registry.npmjs.org/fraction.js/-/fraction.js-4.2.0.tgz"
  "version" "4.2.0"

"fs.realpath@^1.0.0":
  "integrity" "sha512-OO0pH2lK6a0hZnAdau5ItzHPI6pUlvI7jMVnxUQRtw4owF2wk8lOSabtGDCTP4Ggrg2MbGnWO9X8K1t4+fGMDw=="
  "resolved" "https://registry.npmjs.org/fs.realpath/-/fs.realpath-1.0.0.tgz"
  "version" "1.0.0"

"function-bind@^1.1.1":
  "integrity" "sha512-yIovAzMX49sF8Yl58fSCWJ5svSLuaibPxXQJFLmBObTuCr0Mf1KiPopGM9NiFjiYBCbfaa2Fh6breQ6ANVTI0A=="
  "resolved" "https://registry.npmjs.org/function-bind/-/function-bind-1.1.1.tgz"
  "version" "1.1.1"

"glob-parent@~5.1.2":
  "integrity" "sha512-AOIgSQCepiJYwP3ARnGx+5VnTu2HBYdzbGP45eLw1vr3zB3vZLeyed1sC9hnbcOc9/SrMyM5RPQrkGz4aS9Zow=="
  "resolved" "https://registry.npmjs.org/glob-parent/-/glob-parent-5.1.2.tgz"
  "version" "5.1.2"
  dependencies:
    "is-glob" "^4.0.1"

"glob@^7.1.3":
  "integrity" "sha512-nFR0zLpU2YCaRxwoCJvL6UvCH2JFyFVIvwTLsIf21AuHlMskA1hhTdk+LlYJtOlYt9v6dvszD2BGRqBL+iQK9Q=="
  "resolved" "https://registry.npmjs.org/glob/-/glob-7.2.3.tgz"
  "version" "7.2.3"
  dependencies:
    "fs.realpath" "^1.0.0"
    "inflight" "^1.0.4"
    "inherits" "2"
    "minimatch" "^3.1.1"
    "once" "^1.3.0"
    "path-is-absolute" "^1.0.0"

"graceful-fs@^4.1.3":
  "integrity" "sha512-9ByhssR2fPVsNZj478qUUbKfmL0+t5BDVyjShtyZZLiK7ZDAArFFfopyOTj0M05wE2tJPisA4iTnnXl2YoPvOA=="
  "resolved" "https://registry.npmjs.org/graceful-fs/-/graceful-fs-4.2.10.tgz"
  "version" "4.2.10"

"has-flag@^3.0.0":
  "integrity" "sha512-sKJf1+ceQBr4SMkvQnBDNDtf4TXpVhVGateu0t918bl30FnbE2m4vNLX+VWe/dpjlb+HugGYzW7uQXH98HPEYw=="
  "resolved" "https://registry.npmjs.org/has-flag/-/has-flag-3.0.0.tgz"
  "version" "3.0.0"

"has@^1.0.3":
  "integrity" "sha512-f2dvO0VU6Oej7RkWJGrehjbzMAjFp5/VKPp5tTpWIV4JHHZK1/BxbFRtf/siA2SWTe09caDmVtYYzWEIbBS4zw=="
  "resolved" "https://registry.npmjs.org/has/-/has-1.0.3.tgz"
  "version" "1.0.3"
  dependencies:
    "function-bind" "^1.1.1"

"http-proxy@1.11.1":
  "integrity" "sha512-qz7jZarkVG3G6GMq+4VRJPSN4NkIjL4VMTNhKGd8jc25BumeJjWWvnY3A7OkCGa8W1TTxbaK3dcE0ijFalITVA=="
  "resolved" "https://registry.npmjs.org/http-proxy/-/http-proxy-1.11.1.tgz"
  "version" "1.11.1"
  dependencies:
    "eventemitter3" "1.x.x"
    "requires-port" "0.x.x"

"immediate@~3.0.5":
  "integrity" "sha512-XXOFtyqDjNDAQxVfYxuF7g9Il/IbWmmlQg2MYKOH8ExIT1qg6xc4zyS3HaEEATgs1btfzxq15ciUiY7gjSXRGQ=="
  "resolved" "https://registry.npmjs.org/immediate/-/immediate-3.0.6.tgz"
  "version" "3.0.6"

"immutable@^4.0.0":
  "integrity" "sha512-oNkuqVTA8jqG1Q6c+UglTOD1xhC1BtjKI7XkCXRkZHrN5m18/XsnUp8Q89GkQO/z+0WjonSvl0FLhDYftp46nQ=="
  "resolved" "https://registry.npmjs.org/immutable/-/immutable-4.1.0.tgz"
  "version" "4.1.0"

"inflight@^1.0.4":
  "integrity" "sha512-k92I/b08q4wvFscXCLvqfsHCrjrF7yiXsQuIVvVE7N82W3+aqpzuUdBbfhWcy/FZR3/4IgflMgKLOsvPDrGCJA=="
  "resolved" "https://registry.npmjs.org/inflight/-/inflight-1.0.6.tgz"
  "version" "1.0.6"
  dependencies:
    "once" "^1.3.0"
    "wrappy" "1"

"inherits@2":
  "integrity" "sha512-k/vGaX4/Yla3WzyMCvTQOXYeIHvqOKtnqBduzTHpzpQZzAskKMhZ2K+EnBiSM9zGSoIFeMpXKxa4dYeZIQqewQ=="
  "resolved" "https://registry.npmjs.org/inherits/-/inherits-2.0.4.tgz"
  "version" "2.0.4"

"is-binary-path@~2.1.0":
  "integrity" "sha512-ZMERYes6pDydyuGidse7OsHxtbI7WVeUEozgR/g7rd0xUimYNlvZRE/K2MgZTjWy725IfelLeVcEM97mmtRGXw=="
  "resolved" "https://registry.npmjs.org/is-binary-path/-/is-binary-path-2.1.0.tgz"
  "version" "2.1.0"
  dependencies:
    "binary-extensions" "^2.0.0"

"is-core-module@^2.9.0":
  "integrity" "sha512-Erxj2n/LDAZ7H8WNJXd9tw38GYM3dv8rk8Zcs+jJuxYTW7sozH+SS8NtrSjVL1/vpLvWi1hxy96IzjJ3EHTJJg=="
  "resolved" "https://registry.npmjs.org/is-core-module/-/is-core-module-2.10.0.tgz"
  "version" "2.10.0"
  dependencies:
    "has" "^1.0.3"

"is-extglob@^2.1.1":
  "integrity" "sha512-SbKbANkN603Vi4jEZv49LeVJMn4yGwsbzZworEoyEiutsN3nJYdbO36zfhGJ6QEDpOZIFkDtnq5JRxmvl3jsoQ=="
  "resolved" "https://registry.npmjs.org/is-extglob/-/is-extglob-2.1.1.tgz"
  "version" "2.1.1"

"is-glob@^4.0.1", "is-glob@~4.0.1":
  "integrity" "sha512-xelSayHH36ZgE7ZWhli7pW34hNbNl8Ojv5KVmkJD4hBdD3th8Tfk9vYasLM+mXWOZhFkgZfxhLSnrwRr4elSSg=="
  "resolved" "https://registry.npmjs.org/is-glob/-/is-glob-4.0.3.tgz"
  "version" "4.0.3"
  dependencies:
    "is-extglob" "^2.1.1"

"is-number@^7.0.0":
  "integrity" "sha512-41Cifkg6e8TylSpdtTpeLVMqvSBEVzTttHvERD741+pnZ8ANv0004MRL43QKPDlK9cGvNp6NZWZUBlbGXYxxng=="
  "resolved" "https://registry.npmjs.org/is-number/-/is-number-7.0.0.tgz"
  "version" "7.0.0"

"isnumeric@^0.2.0":
  "integrity" "sha512-uSJoAwnN1eCKDFKi8hL3UCYJSkQv+NwhKzhevUPIn/QZ8ILO21f+wQnlZHU0eh1rsLO1gI4w/HQdeOSTKwlqMg=="
  "resolved" "https://registry.npmjs.org/isnumeric/-/isnumeric-0.2.0.tgz"
  "version" "0.2.0"

"js-levenshtein@^1.1.6":
  "integrity" "sha512-X2BB11YZtrRqY4EnQcLX5Rh373zbK4alC1FW7D7MBhL2gtcC17cTnr6DmfHZeS0s2rTHjUTMMHfG7gO8SSdw+g=="
  "resolved" "https://registry.npmjs.org/js-levenshtein/-/js-levenshtein-1.1.6.tgz"
  "version" "1.1.6"

"jsqr@^1.4.0":
  "integrity" "sha512-dxLob7q65Xg2DvstYkRpkYtmKm2sPJ9oFhrhmudT1dZvNFFTlroai3AWSpLey/w5vMcLBXRgOJsbXpdN9HzU/A=="
  "resolved" "https://registry.npmjs.org/jsqr/-/jsqr-1.4.0.tgz"
  "version" "1.4.0"

"kleur@^4.1.5":
  "integrity" "sha512-o+NO+8WrRiQEE4/7nwRJhN1HWpVmJm511pBHUxPLtp0BUISzlBplORYSmTclCnJvQq2tKu/sgl3xVpkc7ZWuQQ=="
  "resolved" "https://registry.npmjs.org/kleur/-/kleur-4.1.5.tgz"
  "version" "4.1.5"

"lie@3.1.1":
  "integrity" "sha512-RiNhHysUjhrDQntfYSfY4MU24coXXdEOgw9WGcKHNeEwffDYbF//u87M1EWaMGzuFoSbqW0C9C6lEEhDOAswfw=="
  "resolved" "https://registry.npmjs.org/lie/-/lie-3.1.1.tgz"
  "version" "3.1.1"
  dependencies:
    "immediate" "~3.0.5"

"localforage@^1.10.0":
  "integrity" "sha512-14/H1aX7hzBBmmh7sGPd+AOMkkIrHM3Z1PAyGgZigA1H1p5O5ANnMyWzvpAETtG68/dC4pC0ncy3+PPGzXZHPg=="
  "resolved" "https://registry.npmjs.org/localforage/-/localforage-1.10.0.tgz"
  "version" "1.10.0"
  dependencies:
    "lie" "3.1.1"

"lottie-web@^5.9.6":
  "integrity" "sha512-JFs7KsHwflugH5qIXBpB4905yC1Sub2MZWtl/elvO/QC6qj1ApqbUZJyjzJseJUtVpgiDaXQLjBlIJGS7UUUXA=="
  "resolved" "https://registry.npmjs.org/lottie-web/-/lottie-web-5.9.6.tgz"
  "version" "5.9.6"

"lower-case@^2.0.2":
  "integrity" "sha512-7fm3l3NAF9WfN6W3JOmf5drwpVqX78JtoGJ3A6W0a6ZnldM41w2fV5D490psKFTpMds8TJse/eHLFFsNHHjHgg=="
  "resolved" "https://registry.npmjs.org/lower-case/-/lower-case-2.0.2.tgz"
  "version" "2.0.2"
  dependencies:
    "tslib" "^2.0.3"

"magic-string@^0.25.7":
  "integrity" "sha512-RmF0AsMzgt25qzqqLc1+MbHmhdx0ojF2Fvs4XnOqz2ZOBXzzkEwc/dJQZCYHAn7v1jbVOjAZfK8msRn4BxO4VQ=="
  "resolved" "https://registry.npmjs.org/magic-string/-/magic-string-0.25.9.tgz"
  "version" "0.25.9"
  dependencies:
    "sourcemap-codec" "^1.4.8"

"magic-string@^0.26.2":
  "integrity" "sha512-yXUIYOOQnEHKHOftp5shMWpB9ImfgfDJpapa38j/qMtTj5QHWucvxP4lUtuRmHT9vAzvtpHkWKXW9xBwimXeNg=="
  "resolved" "https://registry.npmjs.org/magic-string/-/magic-string-0.26.5.tgz"
  "version" "0.26.5"
  dependencies:
    "sourcemap-codec" "^1.4.8"

"min-indent@^1.0.0":
  "integrity" "sha512-I9jwMn07Sy/IwOj3zVkVik2JTvgpaykDZEigL6Rx6N9LbMywwUSMtxET+7lVoDLLd3O3IXwJwvuuns8UB/HeAg=="
  "resolved" "https://registry.npmjs.org/min-indent/-/min-indent-1.0.1.tgz"
  "version" "1.0.1"

"minimatch@^3.1.1":
  "integrity" "sha512-J7p63hRiAjw1NDEww1W7i37+ByIrOWO5XQQAzZ3VOcL0PNybwpfmV/N05zFAzwQ9USyEcX6t3UO+K5aqBQOIHw=="
  "resolved" "https://registry.npmjs.org/minimatch/-/minimatch-3.1.2.tgz"
  "version" "3.1.2"
  dependencies:
    "brace-expansion" "^1.1.7"

"minimist@^1.2.0", "minimist@^1.2.6":
  "integrity" "sha512-Jsjnk4bw3YJqYzbdyBiNsPWHPfO++UGG749Cxs6peCu5Xg4nrena6OVxOYxrQTqww0Jmwt+Ref8rggumkTLz9Q=="
  "resolved" "https://registry.npmjs.org/minimist/-/minimist-1.2.6.tgz"
  "version" "1.2.6"

"mkdirp@^0.5.1":
  "integrity" "sha512-FP+p8RB8OWpF3YZBCrP5gtADmtXApB5AMLn+vdyA+PyxCjrCs00mjyUozssO33cwDeT3wNGdLxJ5M//YqtHAJw=="
  "resolved" "https://registry.npmjs.org/mkdirp/-/mkdirp-0.5.6.tgz"
  "version" "0.5.6"
  dependencies:
    "minimist" "^1.2.6"

"ms@2.1.2":
  "integrity" "sha512-sGkPx+VjMtmA6MX27oA4FBFELFCZZ4S4XqeGOXCv68tT+jb3vk/RyaKWP0PTKyWtmLSM0b+adUTEvbs1PEaH2w=="
  "resolved" "https://registry.npmjs.org/ms/-/ms-2.1.2.tgz"
  "version" "2.1.2"

"nanoid@^3.3.4":
  "integrity" "sha512-MqBkQh/OHTS2egovRtLk45wEyNXwF+cokD+1YPf9u5VfJiRdAiRwB2froX5Co9Rh20xs4siNPm8naNotSD6RBw=="
  "resolved" "https://registry.npmjs.org/nanoid/-/nanoid-3.3.4.tgz"
  "version" "3.3.4"

"no-case@^3.0.4":
  "integrity" "sha512-fgAN3jGAh+RoxUGZHTSOLJIqUc2wmoBwGR4tbpNAKmmovFoWq0OdRkb0VkldReO2a2iBT/OEulG9XSUc10r3zg=="
  "resolved" "https://registry.npmjs.org/no-case/-/no-case-3.0.4.tgz"
  "version" "3.0.4"
  dependencies:
    "lower-case" "^2.0.2"
    "tslib" "^2.0.3"

"node-releases@^2.0.6":
  "integrity" "sha512-PiVXnNuFm5+iYkLBNeq5211hvO38y63T0i2KKh2KnUs3RpzJ+JtODFjkD8yjLwnDkTYF1eKXheUwdssR+NRZdg=="
  "resolved" "https://registry.npmjs.org/node-releases/-/node-releases-2.0.6.tgz"
  "version" "2.0.6"

"normalize-path@^3.0.0", "normalize-path@~3.0.0":
  "integrity" "sha512-6eZs5Ls3WtCisHWp9S2GUy8dqkpGi4BVSz3GaqiE6ezub0512ESztXUwUB6C6IKbQkY2Pnb/mD4WYojCRwcwLA=="
  "resolved" "https://registry.npmjs.org/normalize-path/-/normalize-path-3.0.0.tgz"
  "version" "3.0.0"

"normalize-range@^0.1.2":
  "integrity" "sha512-bdok/XvKII3nUpklnV6P2hxtMNrCboOjAcyBuQnWEhO665FwrSNRxU+AqpsyvO6LgGYPspN+lu5CLtw4jPRKNA=="
  "resolved" "https://registry.npmjs.org/normalize-range/-/normalize-range-0.1.2.tgz"
  "version" "0.1.2"

"once@^1.3.0":
  "integrity" "sha512-lNaJgI+2Q5URQBkccEKHTQOPaXdUxnZZElQTZY0MFUAuaEqe1E+Nyvgdz/aIyNi6Z9MzO5dv1H8n58/GELp3+w=="
  "resolved" "https://registry.npmjs.org/once/-/once-1.4.0.tgz"
  "version" "1.4.0"
  dependencies:
    "wrappy" "1"

"pascal-case@^3.1.1":
  "integrity" "sha512-uWlGT3YSnK9x3BQJaOdcZwrnV6hPpd8jFH1/ucpiLRPh/2zCVJKS19E4GvYHvaCcACn3foXZ0cLB9Wrx1KGe5g=="
  "resolved" "https://registry.npmjs.org/pascal-case/-/pascal-case-3.1.2.tgz"
  "version" "3.1.2"
  dependencies:
    "no-case" "^3.0.4"
    "tslib" "^2.0.3"

"path-is-absolute@^1.0.0":
  "integrity" "sha512-AVbw3UJ2e9bq64vSaS9Am0fje1Pa8pbGqTTsmXfaIiMpnr5DlDhfJOuLj9Sf95ZPVDAUerDfEk88MPmPe7UCQg=="
  "resolved" "https://registry.npmjs.org/path-is-absolute/-/path-is-absolute-1.0.1.tgz"
  "version" "1.0.1"

"path-parse@^1.0.7":
  "integrity" "sha512-LDJzPVEEEPR+y48z93A0Ed0yXb8pAByGWo/k5YYdYgpY2/2EsOsksJrq7lOHxryrVOn1ejG6oAp8ahvOIQD8sw=="
  "resolved" "https://registry.npmjs.org/path-parse/-/path-parse-1.0.7.tgz"
  "version" "1.0.7"

"picocolors@^1.0.0":
  "integrity" "sha512-1fygroTLlHu66zi26VoTDv8yRgm0Fccecssto+MhsZ0D/DGW2sm8E8AjW7NU5VVTRt5GxbeZ5qBuJr+HyLYkjQ=="
  "resolved" "https://registry.npmjs.org/picocolors/-/picocolors-1.0.0.tgz"
  "version" "1.0.0"

"picomatch@^2.0.4", "picomatch@^2.2.1", "picomatch@^2.2.2":
  "integrity" "sha512-JU3teHTNjmE2VCGFzuY8EXzCDVwEqB2a8fsIvwaStHhAWJEeVd1o1QD80CU6+ZdEXXSLbSsuLwJjkCBWqRQUVA=="
  "resolved" "https://registry.npmjs.org/picomatch/-/picomatch-2.3.1.tgz"
  "version" "2.3.1"

"postcss-color-hsl@^2.0.0":
  "integrity" "sha512-4DNpOj3NWejHtjV4mLxf+rmE1KA+IKDJH8QSThgJOrjGFuiqOPxkFSZX1RQJ+XQISZD3MW/JDaZoNnmxS9pSBQ=="
  "resolved" "https://registry.npmjs.org/postcss-color-hsl/-/postcss-color-hsl-2.0.0.tgz"
  "version" "2.0.0"
  dependencies:
    "postcss" "^6.0.1"
    "postcss-value-parser" "^3.3.0"
    "units-css" "^0.4.0"

"postcss-value-parser@^3.3.0":
  "integrity" "sha512-pISE66AbVkp4fDQ7VHBwRNXzAAKJjw4Vw7nWI/+Q3vuly7SNfgYXvm6i5IgFylHGK5sP/xHAbB7N49OS4gWNyQ=="
  "resolved" "https://registry.npmjs.org/postcss-value-parser/-/postcss-value-parser-3.3.1.tgz"
  "version" "3.3.1"

"postcss-value-parser@^4.2.0":
  "integrity" "sha512-1NNCs6uurfkVbeXG4S8JFT9t19m45ICnif8zWLd5oPSZ50QnwMfK+H3jv408d4jw/7Bttv5axS5IiHoLaVNHeQ=="
  "resolved" "https://registry.npmjs.org/postcss-value-parser/-/postcss-value-parser-4.2.0.tgz"
  "version" "4.2.0"

"postcss@^6.0.1":
  "integrity" "sha512-soOk1h6J3VMTZtVeVpv15/Hpdl2cBLX3CAw4TAbkpTJiNPk9YP/zWcD1ND+xEtvyuuvKzbxliTOIyvkSeSJ6ag=="
  "resolved" "https://registry.npmjs.org/postcss/-/postcss-6.0.23.tgz"
  "version" "6.0.23"
  dependencies:
    "chalk" "^2.4.1"
    "source-map" "^0.6.1"
    "supports-color" "^5.4.0"

"postcss@^7 || ^8", "postcss@^8.1.0", "postcss@^8.4.16":
  "integrity" "sha512-UNxNOLQydcOFi41yHNMcKRZ39NeXlr8AxGuZJsdub8vIb12fHzcq37DTU/QtbI6WLxNg2gF9Z+8qtRwTj1UI1Q=="
  "resolved" "https://registry.npmjs.org/postcss/-/postcss-8.4.17.tgz"
  "version" "8.4.17"
  dependencies:
    "nanoid" "^3.3.4"
    "picocolors" "^1.0.0"
    "source-map-js" "^1.0.2"

"proxy-from-env@0.0.1":
  "integrity" "sha512-B9Hnta3CATuMS0q6kt5hEezOPM+V3dgaRewkFtFoaRQYTVNsHqUvFXmndH06z3QO1ZdDnRELv5vfY6zAj/gG7A=="
  "resolved" "https://registry.npmjs.org/proxy-from-env/-/proxy-from-env-0.0.1.tgz"
  "version" "0.0.1"

"readdirp@~3.6.0":
  "integrity" "sha512-hOS089on8RduqdbhvQ5Z37A0ESjsqz6qnRcffsMU3495FuTdqSm+7bhJ29JvIOsBDEEnan5DPu9t3To9VRlMzA=="
  "resolved" "https://registry.npmjs.org/readdirp/-/readdirp-3.6.0.tgz"
  "version" "3.6.0"
  dependencies:
    "picomatch" "^2.2.1"

"requires-port@0.x.x":
  "integrity" "sha512-AzPDCliPoWDSvEVYRQmpzuPhGGEnPrQz9YiOEvn+UdB9ixBpw+4IOZWtwctmpzySLZTy7ynpn47V14H4yaowtA=="
  "resolved" "https://registry.npmjs.org/requires-port/-/requires-port-0.0.1.tgz"
  "version" "0.0.1"

"resolve@^1.22.1":
  "integrity" "sha512-nBpuuYuY5jFsli/JIs1oldw6fOQCBioohqWZg/2hiaOybXOft4lonv85uDOKXdf8rhyK159cxU5cDcK/NKk8zw=="
  "resolved" "https://registry.npmjs.org/resolve/-/resolve-1.22.1.tgz"
  "version" "1.22.1"
  dependencies:
    "is-core-module" "^2.9.0"
    "path-parse" "^1.0.7"
    "supports-preserve-symlinks-flag" "^1.0.0"

"rimraf@^2.5.2":
  "integrity" "sha512-uWjbaKIK3T1OSVptzX7Nl6PvQ3qAGtKEtVRjRuazjfL3Bx5eI409VZSqgND+4UNnmzLVdPj9FqFJNPqBZFve4w=="
  "resolved" "https://registry.npmjs.org/rimraf/-/rimraf-2.7.1.tgz"
  "version" "2.7.1"
  dependencies:
    "glob" "^7.1.3"

"rollup@~2.78.0":
  "integrity" "sha512-VeeCgtGi4P+o9hIg+xz4qQpRl6R401LWEXBmxYKOV4zlF82lyhgh2hTZnheFUbANE8l2A41F458iwj2vEYaXJg=="
  "resolved" "https://registry.npmjs.org/rollup/-/rollup-2.78.1.tgz"
  "version" "2.78.1"
  optionalDependencies:
    "fsevents" "~2.3.2"

"sander@^0.5.0":
  "integrity" "sha512-3lVqBir7WuKDHGrKRDn/1Ye3kwpXaDOMsiRP1wd6wpZW56gJhsbp5RqQpA6JG/P+pkXizygnr1dKR8vzWaVsfA=="
  "resolved" "https://registry.npmjs.org/sander/-/sander-0.5.1.tgz"
  "version" "0.5.1"
  dependencies:
    "es6-promise" "^3.1.2"
    "graceful-fs" "^4.1.3"
    "mkdirp" "^0.5.1"
    "rimraf" "^2.5.2"

"sass@*", "sass@^1.26.8", "sass@^1.54.0":
  "integrity" "sha512-Pk+PMy7OGLs9WaxZGJMn7S96dvlyVBwwtToX895WmCpAOr5YiJYEUJfiJidMuKb613z2xNWcXCHEuOvjZbqC6A=="
  "resolved" "https://registry.npmjs.org/sass/-/sass-1.55.0.tgz"
  "version" "1.55.0"
  dependencies:
    "chokidar" ">=3.0.0 <4.0.0"
    "immutable" "^4.0.0"
    "source-map-js" ">=0.6.2 <2.0.0"

"scroll-into-view@^1.16.2":
  "integrity" "sha512-vyTE0i27o6eldt9xinjHec41Dw05y+faoI+s2zNKJAVOdbA5M2XZrYq/obJ8E+QDQulJ2gDjgui9w9m9RZSRng=="
  "resolved" "https://registry.npmjs.org/scroll-into-view/-/scroll-into-view-1.16.2.tgz"
  "version" "1.16.2"

"sorcery@^0.10.0":
  "integrity" "sha512-R5ocFmKZQFfSTstfOtHjJuAwbpGyf9qjQa1egyhvXSbM7emjrtLXtGdZsDJDABC85YBfVvrOiGWKSYXPKdvP1g=="
  "resolved" "https://registry.npmjs.org/sorcery/-/sorcery-0.10.0.tgz"
  "version" "0.10.0"
  dependencies:
    "buffer-crc32" "^0.2.5"
    "minimist" "^1.2.0"
    "sander" "^0.5.0"
    "sourcemap-codec" "^1.3.0"

"source-map-js@^1.0.2", "source-map-js@>=0.6.2 <2.0.0":
  "integrity" "sha512-R0XvVJ9WusLiqTCEiGCmICCMplcCkIwwR11mOSD9CR5u+IXYdiseeEuXCVAjS54zqwkLcPNnmU4OeJ6tUrWhDw=="
  "resolved" "https://registry.npmjs.org/source-map-js/-/source-map-js-1.0.2.tgz"
  "version" "1.0.2"

"source-map@^0.6.1":
  "integrity" "sha512-UjgapumWlbMhkBgzT7Ykc5YXUT46F0iKu8SGXq0bcwP5dz/h0Plj6enJqjz1Zbq2l5WaqYnrVbwWOWMyF3F47g=="
  "resolved" "https://registry.npmjs.org/source-map/-/source-map-0.6.1.tgz"
  "version" "0.6.1"

"sourcemap-codec@^1.3.0", "sourcemap-codec@^1.4.8":
  "integrity" "sha512-9NykojV5Uih4lgo5So5dtw+f0JgJX30KCNI8gwhz2J9A15wD0Ml6tjHKwf6fTSa6fAdVBdZeNOs9eJ71qCk8vA=="
  "resolved" "https://registry.npmjs.org/sourcemap-codec/-/sourcemap-codec-1.4.8.tgz"
  "version" "1.4.8"

"strip-indent@^3.0.0":
  "integrity" "sha512-laJTa3Jb+VQpaC6DseHhF7dXVqHTfJPCRDaEbid/drOhgitgYku/letMUqOXFoWV0zIIUbjpdH2t+tYj4bQMRQ=="
  "resolved" "https://registry.npmjs.org/strip-indent/-/strip-indent-3.0.0.tgz"
  "version" "3.0.0"
  dependencies:
    "min-indent" "^1.0.0"

"supports-color@^5.3.0", "supports-color@^5.4.0":
  "integrity" "sha512-QjVjwdXIt408MIiAqCX4oUKsgU2EqAGzs2Ppkm4aQYbjm+ZEWEcW4SfFNTr4uMNZma0ey4f5lgLrkB0aX0QMow=="
  "resolved" "https://registry.npmjs.org/supports-color/-/supports-color-5.5.0.tgz"
  "version" "5.5.0"
  dependencies:
    "has-flag" "^3.0.0"

"supports-preserve-symlinks-flag@^1.0.0":
  "integrity" "sha512-ot0WnXS9fgdkgIcePe6RHNk1WA8+muPa6cSjeR3V8K27q9BB1rTE3R1p7Hv0z1ZyAc8s6Vvv8DIyWf681MAt0w=="
  "resolved" "https://registry.npmjs.org/supports-preserve-symlinks-flag/-/supports-preserve-symlinks-flag-1.0.0.tgz"
  "version" "1.0.0"

"svelte-hmr@^0.14.12":
  "integrity" "sha512-4QSW/VvXuqVcFZ+RhxiR8/newmwOCTlbYIezvkeN6302YFRE8cXy0naamHcjz8Y9Ce3ITTZtrHrIL0AGfyo61w=="
  "resolved" "https://registry.npmjs.org/svelte-hmr/-/svelte-hmr-0.14.12.tgz"
  "version" "0.14.12"

"svelte-preprocess@^4.10.7":
  "integrity" "sha512-sNPBnqYD6FnmdBrUmBCaqS00RyCsCpj2BG58A1JBswNF7b0OKviwxqVrOL/CKyJrLSClrSeqQv5BXNg2RUbPOw=="
  "resolved" "https://registry.npmjs.org/svelte-preprocess/-/svelte-preprocess-4.10.7.tgz"
  "version" "4.10.7"
  dependencies:
    "@types/pug" "^2.0.4"
    "@types/sass" "^1.16.0"
    "detect-indent" "^6.0.0"
    "magic-string" "^0.25.7"
    "sorcery" "^0.10.0"
    "strip-indent" "^3.0.0"

"svelte-routing@github:cyan-2048/svelte-routing":
  "resolved" "git+ssh://git@github.com/cyan-2048/svelte-routing.git#c5fde47705ee63bf84633019bf06980adb122925"
  "version" "1.6.0"
  dependencies:
    "svelte2tsx" "^0.1.157"

"svelte-zoom@github:cyan-2048/svelte-zoom":
  "resolved" "git+ssh://git@github.com/cyan-2048/svelte-zoom.git#f6245fe95858a110e30323ceb957df4c383d8679"
  "version" "1.0.16"

"svelte@^3.20.x", "svelte@^3.23.0", "svelte@^3.24", "svelte@^3.44.0", "svelte@^3.49.0", "svelte@>=3.19.0", "svelte@>=3.43.0":
  "integrity" "sha512-bS4odcsdj5D5jEg6riZuMg5NKelzPtmsCbD9RG+8umU03TeNkdWnP6pqbCm0s8UQNBkqk29w/Bdubn3C+HWSwA=="
  "resolved" "https://registry.npmjs.org/svelte/-/svelte-3.50.1.tgz"
  "version" "3.50.1"

"svelte2tsx@^0.1.157":
  "integrity" "sha512-vzy4YQNYDnoqp2iZPnJy7kpPAY6y121L0HKrSBjU/IWW7DQ6T7RMJed2VVHFmVYm0zAGYMDl9urPc6R4DDUyhg=="
  "resolved" "https://registry.npmjs.org/svelte2tsx/-/svelte2tsx-0.1.193.tgz"
  "version" "0.1.193"
  dependencies:
    "dedent-js" "^1.0.1"
    "pascal-case" "^3.1.1"

"to-regex-range@^5.0.1":
  "integrity" "sha512-65P7iz6X5yEr1cwcgvQxbbIw7Uk3gOy5dIdtZ4rDveLqhrdJP+Li/Hx6tyK0NEb+2GCyneCMJiGqrADCSNk8sQ=="
  "resolved" "https://registry.npmjs.org/to-regex-range/-/to-regex-range-5.0.1.tgz"
  "version" "5.0.1"
  dependencies:
    "is-number" "^7.0.0"

"tslib@^2.0.3":
  "integrity" "sha512-d6xOpEDfsi2CZVlPQzGeux8XMwLT9hssAsaPYExaQMuYskwb+x1x7J371tWlbBdWHroy99KnVB6qIkUbs5X3UQ=="
  "resolved" "https://registry.npmjs.org/tslib/-/tslib-2.4.0.tgz"
  "version" "2.4.0"

"typescript@^3.9.5 || ^4.0.0", "typescript@^4.1.2":
  "integrity" "sha512-Uz+dTXYzxXXbsFpM86Wh3dKCxrQqUcVMxwU54orwlJjOpO3ao8L7j5lH+dWfTwgCwIuM9GQ2kvVotzYJMXTBZg=="
  "resolved" "https://registry.npmjs.org/typescript/-/typescript-4.9.4.tgz"
  "version" "4.9.4"

"units-css@^0.4.0":
  "integrity" "sha512-WijzYC+chwzg2D6HmNGUSzPAgFRJfuxVyG9oiY28Ei5E+g6fHoPkhXUr5GV+5hE/RTHZNd9SuX2KLioYHdttoA=="
  "resolved" "https://registry.npmjs.org/units-css/-/units-css-0.4.0.tgz"
  "version" "0.4.0"
  dependencies:
    "isnumeric" "^0.2.0"
    "viewport-dimensions" "^0.2.0"

"update-browserslist-db@^1.0.9":
  "integrity" "sha512-/xsqn21EGVdXI3EXSum1Yckj3ZVZugqyOZQ/CxYPBD/R+ko9NSUScf8tFF4dOKY+2pvSSJA/S+5B8s4Zr4kyvg=="
  "resolved" "https://registry.npmjs.org/update-browserslist-db/-/update-browserslist-db-1.0.9.tgz"
  "version" "1.0.9"
  dependencies:
    "escalade" "^3.1.1"
    "picocolors" "^1.0.0"

"viewport-dimensions@^0.2.0":
  "integrity" "sha512-94JqlKxEP4m7WO+N3rm4tFRGXZmXXwSPQCoV+EPxDnn8YAGiLU3T+Ha1imLreAjXsHl0K+ELnIqv64i1XZHLFQ=="
  "resolved" "https://registry.npmjs.org/viewport-dimensions/-/viewport-dimensions-0.2.0.tgz"
  "version" "0.2.0"

"vite@^3.0.0", "vite@^3.0.2":
  "integrity" "sha512-JoQI08aBjY9lycL7jcEq4p9o1xUjq5aRvdH4KWaXtkSx7e7RpAh9D3IjzDWRD4Fg44LS3oDAIOG/Kq1L+82psA=="
  "resolved" "https://registry.npmjs.org/vite/-/vite-3.1.4.tgz"
  "version" "3.1.4"
  dependencies:
    "esbuild" "^0.15.6"
    "postcss" "^8.4.16"
    "resolve" "^1.22.1"
    "rollup" "~2.78.0"
  optionalDependencies:
    "fsevents" "~2.3.2"

"wrappy@1":
  "integrity" "sha512-l4Sp/DRseor9wL6EvV2+TuQn63dMkPjZ/sp9XkghTEbV9KlPS1xUsZ3u7/IQO4wxtcFB4bgpQPRcR3QCvezPcQ=="
  "resolved" "https://registry.npmjs.org/wrappy/-/wrappy-1.0.2.tgz"
  "version" "1.0.2"
